// !$*UTF8*$!
{
	archiveVersion = 1;
	classes = {
	};
	objectVersion = 46;
	objects = {

/* Begin PBXBuildFile section */
		1712D779A3F3E23C7EE12BCA /* Pods_HBEnterDataTests.framework in Frameworks */ = {isa = PBXBuildFile; fileRef = 7DABF235993A00F4EFDCEE4D /* Pods_HBEnterDataTests.framework */; };
		2D4AAD89F35A043DB1A04F3D /* Pods_HBEnterData.framework in Frameworks */ = {isa = PBXBuildFile; fileRef = 1631C783BE481C6513DAC3AA /* Pods_HBEnterData.framework */; };
		3F3F58C71E64BC1D009C1AF6 /* BaseClassController.swift in Sources */ = {isa = PBXBuildFile; fileRef = 3F3F58C61E64BC1D009C1AF6 /* BaseClassController.swift */; };
		3F41A2621E4B62CA00AE9354 /* StepCountController.swift in Sources */ = {isa = PBXBuildFile; fileRef = 3F41A2611E4B62CA00AE9354 /* StepCountController.swift */; };
		3F9D2D3F1E492285007FA673 /* AppDelegate.swift in Sources */ = {isa = PBXBuildFile; fileRef = 3F9D2D3E1E492285007FA673 /* AppDelegate.swift */; };
		3F9D2D411E492285007FA673 /* ViewController.swift in Sources */ = {isa = PBXBuildFile; fileRef = 3F9D2D401E492285007FA673 /* ViewController.swift */; };
		3F9D2D461E492285007FA673 /* Assets.xcassets in Resources */ = {isa = PBXBuildFile; fileRef = 3F9D2D451E492285007FA673 /* Assets.xcassets */; };
		3F9D2D491E492285007FA673 /* LaunchScreen.storyboard in Resources */ = {isa = PBXBuildFile; fileRef = 3F9D2D471E492285007FA673 /* LaunchScreen.storyboard */; };
		3F9D2D541E492285007FA673 /* HBEnterDataTests.swift in Sources */ = {isa = PBXBuildFile; fileRef = 3F9D2D531E492285007FA673 /* HBEnterDataTests.swift */; };
		3F9D2D5F1E492285007FA673 /* HBEnterDataUITests.swift in Sources */ = {isa = PBXBuildFile; fileRef = 3F9D2D5E1E492285007FA673 /* HBEnterDataUITests.swift */; };
		3F9D2D6E1E4922B4007FA673 /* HealthKit.framework in Frameworks */ = {isa = PBXBuildFile; fileRef = 3F9D2D6D1E4922B4007FA673 /* HealthKit.framework */; };
		3F9D2D711E4924DA007FA673 /* HealthManager.swift in Sources */ = {isa = PBXBuildFile; fileRef = 3F9D2D701E4924DA007FA673 /* HealthManager.swift */; };
		3FF7DB891E5230CE00483D69 /* gif+swift.swift in Sources */ = {isa = PBXBuildFile; fileRef = 3FF7DB881E5230CE00483D69 /* gif+swift.swift */; };
		3FF7DB8F1E523AA800483D69 /* leftshark.gif in Resources */ = {isa = PBXBuildFile; fileRef = 3FF7DB8E1E523AA800483D69 /* leftshark.gif */; };
		3FF7DB931E52515C00483D69 /* Main.storyboard in Resources */ = {isa = PBXBuildFile; fileRef = 3FF7DB911E52515C00483D69 /* Main.storyboard */; };
		3FF7DB951E5252D400483D69 /* BloodPressureController.swift in Sources */ = {isa = PBXBuildFile; fileRef = 3FF7DB941E5252D400483D69 /* BloodPressureController.swift */; };
		3FF7DB971E535FAA00483D69 /* WeightController.swift in Sources */ = {isa = PBXBuildFile; fileRef = 3FF7DB961E535FAA00483D69 /* WeightController.swift */; };
		BAB4AAB79B59BC7012B08D41 /* Pods_HBEnterDataUITests.framework in Frameworks */ = {isa = PBXBuildFile; fileRef = F2474ED395B93290D0194507 /* Pods_HBEnterDataUITests.framework */; };
/* End PBXBuildFile section */

/* Begin PBXContainerItemProxy section */
		3F9D2D501E492285007FA673 /* PBXContainerItemProxy */ = {
			isa = PBXContainerItemProxy;
			containerPortal = 3F9D2D331E492285007FA673 /* Project object */;
			proxyType = 1;
			remoteGlobalIDString = 3F9D2D3A1E492285007FA673;
			remoteInfo = HBEnterData;
		};
		3F9D2D5B1E492285007FA673 /* PBXContainerItemProxy */ = {
			isa = PBXContainerItemProxy;
			containerPortal = 3F9D2D331E492285007FA673 /* Project object */;
			proxyType = 1;
			remoteGlobalIDString = 3F9D2D3A1E492285007FA673;
			remoteInfo = HBEnterData;
		};
/* End PBXContainerItemProxy section */

/* Begin PBXFileReference section */
		07B09E8CA9BC0DE143F1F18C /* Pods-HBEnterDataTests.release.xcconfig */ = {isa = PBXFileReference; includeInIndex = 1; lastKnownFileType = text.xcconfig; name = "Pods-HBEnterDataTests.release.xcconfig"; path = "Pods/Target Support Files/Pods-HBEnterDataTests/Pods-HBEnterDataTests.release.xcconfig"; sourceTree = "<group>"; };
		1098E10726FD60B07282028A /* Pods-HBEnterData.debug.xcconfig */ = {isa = PBXFileReference; includeInIndex = 1; lastKnownFileType = text.xcconfig; name = "Pods-HBEnterData.debug.xcconfig"; path = "Pods/Target Support Files/Pods-HBEnterData/Pods-HBEnterData.debug.xcconfig"; sourceTree = "<group>"; };
		1631C783BE481C6513DAC3AA /* Pods_HBEnterData.framework */ = {isa = PBXFileReference; explicitFileType = wrapper.framework; includeInIndex = 0; path = Pods_HBEnterData.framework; sourceTree = BUILT_PRODUCTS_DIR; };
		395350D4CD8208E6C7FF8A61 /* Pods-HBEnterDataUITests.release.xcconfig */ = {isa = PBXFileReference; includeInIndex = 1; lastKnownFileType = text.xcconfig; name = "Pods-HBEnterDataUITests.release.xcconfig"; path = "Pods/Target Support Files/Pods-HBEnterDataUITests/Pods-HBEnterDataUITests.release.xcconfig"; sourceTree = "<group>"; };
		39C752713C5CC4B99AAB1726 /* Pods-HBEnterData.release.xcconfig */ = {isa = PBXFileReference; includeInIndex = 1; lastKnownFileType = text.xcconfig; name = "Pods-HBEnterData.release.xcconfig"; path = "Pods/Target Support Files/Pods-HBEnterData/Pods-HBEnterData.release.xcconfig"; sourceTree = "<group>"; };
		3F3F58C61E64BC1D009C1AF6 /* BaseClassController.swift */ = {isa = PBXFileReference; fileEncoding = 4; lastKnownFileType = sourcecode.swift; path = BaseClassController.swift; sourceTree = "<group>"; };
		3F41A2611E4B62CA00AE9354 /* StepCountController.swift */ = {isa = PBXFileReference; fileEncoding = 4; lastKnownFileType = sourcecode.swift; path = StepCountController.swift; sourceTree = "<group>"; };
		3F9D2D3B1E492285007FA673 /* Left Shark.app */ = {isa = PBXFileReference; explicitFileType = wrapper.application; includeInIndex = 0; path = "Left Shark.app"; sourceTree = BUILT_PRODUCTS_DIR; };
		3F9D2D3E1E492285007FA673 /* AppDelegate.swift */ = {isa = PBXFileReference; lastKnownFileType = sourcecode.swift; path = AppDelegate.swift; sourceTree = "<group>"; };
		3F9D2D401E492285007FA673 /* ViewController.swift */ = {isa = PBXFileReference; lastKnownFileType = sourcecode.swift; path = ViewController.swift; sourceTree = "<group>"; };
		3F9D2D451E492285007FA673 /* Assets.xcassets */ = {isa = PBXFileReference; lastKnownFileType = folder.assetcatalog; path = Assets.xcassets; sourceTree = "<group>"; };
		3F9D2D481E492285007FA673 /* Base */ = {isa = PBXFileReference; lastKnownFileType = file.storyboard; name = Base; path = Base.lproj/LaunchScreen.storyboard; sourceTree = "<group>"; };
		3F9D2D4A1E492285007FA673 /* Info.plist */ = {isa = PBXFileReference; lastKnownFileType = text.plist.xml; path = Info.plist; sourceTree = "<group>"; };
		3F9D2D4F1E492285007FA673 /* HBEnterDataTests.xctest */ = {isa = PBXFileReference; explicitFileType = wrapper.cfbundle; includeInIndex = 0; path = HBEnterDataTests.xctest; sourceTree = BUILT_PRODUCTS_DIR; };
		3F9D2D531E492285007FA673 /* HBEnterDataTests.swift */ = {isa = PBXFileReference; lastKnownFileType = sourcecode.swift; path = HBEnterDataTests.swift; sourceTree = "<group>"; };
		3F9D2D551E492285007FA673 /* Info.plist */ = {isa = PBXFileReference; lastKnownFileType = text.plist.xml; path = Info.plist; sourceTree = "<group>"; };
		3F9D2D5A1E492285007FA673 /* HBEnterDataUITests.xctest */ = {isa = PBXFileReference; explicitFileType = wrapper.cfbundle; includeInIndex = 0; path = HBEnterDataUITests.xctest; sourceTree = BUILT_PRODUCTS_DIR; };
		3F9D2D5E1E492285007FA673 /* HBEnterDataUITests.swift */ = {isa = PBXFileReference; lastKnownFileType = sourcecode.swift; path = HBEnterDataUITests.swift; sourceTree = "<group>"; };
		3F9D2D601E492285007FA673 /* Info.plist */ = {isa = PBXFileReference; lastKnownFileType = text.plist.xml; path = Info.plist; sourceTree = "<group>"; };
		3F9D2D6D1E4922B4007FA673 /* HealthKit.framework */ = {isa = PBXFileReference; lastKnownFileType = wrapper.framework; name = HealthKit.framework; path = System/Library/Frameworks/HealthKit.framework; sourceTree = SDKROOT; };
		3F9D2D6F1E4922B4007FA673 /* HBEnterData.entitlements */ = {isa = PBXFileReference; lastKnownFileType = text.plist.entitlements; path = HBEnterData.entitlements; sourceTree = "<group>"; };
		3F9D2D701E4924DA007FA673 /* HealthManager.swift */ = {isa = PBXFileReference; fileEncoding = 4; lastKnownFileType = sourcecode.swift; path = HealthManager.swift; sourceTree = "<group>"; };
		3FF7DB881E5230CE00483D69 /* gif+swift.swift */ = {isa = PBXFileReference; fileEncoding = 4; lastKnownFileType = sourcecode.swift; path = "gif+swift.swift"; sourceTree = "<group>"; };
		3FF7DB8E1E523AA800483D69 /* leftshark.gif */ = {isa = PBXFileReference; lastKnownFileType = image.gif; name = leftshark.gif; path = Assets.xcassets/LOADING.imageset/leftshark.gif; sourceTree = "<group>"; };
		3FF7DB921E52515C00483D69 /* Base */ = {isa = PBXFileReference; lastKnownFileType = file.storyboard; name = Base; path = Base.lproj/Main.storyboard; sourceTree = "<group>"; };
		3FF7DB941E5252D400483D69 /* BloodPressureController.swift */ = {isa = PBXFileReference; fileEncoding = 4; lastKnownFileType = sourcecode.swift; path = BloodPressureController.swift; sourceTree = "<group>"; };
		3FF7DB961E535FAA00483D69 /* WeightController.swift */ = {isa = PBXFileReference; fileEncoding = 4; lastKnownFileType = sourcecode.swift; path = WeightController.swift; sourceTree = "<group>"; };
		7A964239C7796D08EF694FEA /* Pods-HBEnterDataTests.debug.xcconfig */ = {isa = PBXFileReference; includeInIndex = 1; lastKnownFileType = text.xcconfig; name = "Pods-HBEnterDataTests.debug.xcconfig"; path = "Pods/Target Support Files/Pods-HBEnterDataTests/Pods-HBEnterDataTests.debug.xcconfig"; sourceTree = "<group>"; };
		7DABF235993A00F4EFDCEE4D /* Pods_HBEnterDataTests.framework */ = {isa = PBXFileReference; explicitFileType = wrapper.framework; includeInIndex = 0; path = Pods_HBEnterDataTests.framework; sourceTree = BUILT_PRODUCTS_DIR; };
		BA9D69CD2BE9993579954B5C /* Pods-HBEnterDataUITests.debug.xcconfig */ = {isa = PBXFileReference; includeInIndex = 1; lastKnownFileType = text.xcconfig; name = "Pods-HBEnterDataUITests.debug.xcconfig"; path = "Pods/Target Support Files/Pods-HBEnterDataUITests/Pods-HBEnterDataUITests.debug.xcconfig"; sourceTree = "<group>"; };
		F2474ED395B93290D0194507 /* Pods_HBEnterDataUITests.framework */ = {isa = PBXFileReference; explicitFileType = wrapper.framework; includeInIndex = 0; path = Pods_HBEnterDataUITests.framework; sourceTree = BUILT_PRODUCTS_DIR; };
/* End PBXFileReference section */

/* Begin PBXFrameworksBuildPhase section */
		3F9D2D381E492285007FA673 /* Frameworks */ = {
			isa = PBXFrameworksBuildPhase;
			buildActionMask = 2147483647;
			files = (
				3F9D2D6E1E4922B4007FA673 /* HealthKit.framework in Frameworks */,
				2D4AAD89F35A043DB1A04F3D /* Pods_HBEnterData.framework in Frameworks */,
			);
			runOnlyForDeploymentPostprocessing = 0;
		};
		3F9D2D4C1E492285007FA673 /* Frameworks */ = {
			isa = PBXFrameworksBuildPhase;
			buildActionMask = 2147483647;
			files = (
				1712D779A3F3E23C7EE12BCA /* Pods_HBEnterDataTests.framework in Frameworks */,
			);
			runOnlyForDeploymentPostprocessing = 0;
		};
		3F9D2D571E492285007FA673 /* Frameworks */ = {
			isa = PBXFrameworksBuildPhase;
			buildActionMask = 2147483647;
			files = (
				BAB4AAB79B59BC7012B08D41 /* Pods_HBEnterDataUITests.framework in Frameworks */,
			);
			runOnlyForDeploymentPostprocessing = 0;
		};
/* End PBXFrameworksBuildPhase section */

/* Begin PBXGroup section */
		3F3F58C21E64BB21009C1AF6 /* Controllers */ = {
			isa = PBXGroup;
			children = (
				3F9D2D401E492285007FA673 /* ViewController.swift */,
				3F3F58C61E64BC1D009C1AF6 /* BaseClassController.swift */,
				3F41A2611E4B62CA00AE9354 /* StepCountController.swift */,
				3FF7DB941E5252D400483D69 /* BloodPressureController.swift */,
				3FF7DB961E535FAA00483D69 /* WeightController.swift */,
			);
			name = Controllers;
			sourceTree = "<group>";
		};
		3F3F58C31E64BB76009C1AF6 /* Managers */ = {
			isa = PBXGroup;
			children = (
				3F9D2D701E4924DA007FA673 /* HealthManager.swift */,
			);
			name = Managers;
			sourceTree = "<group>";
		};
		3F3F58C41E64BBBC009C1AF6 /* Assets */ = {
			isa = PBXGroup;
			children = (
				3FF7DB881E5230CE00483D69 /* gif+swift.swift */,
				3FF7DB8E1E523AA800483D69 /* leftshark.gif */,
			);
			name = Assets;
			sourceTree = "<group>";
		};
		3F3F58C51E64BBC6009C1AF6 /* StoryBoards */ = {
			isa = PBXGroup;
			children = (
				3FF7DB911E52515C00483D69 /* Main.storyboard */,
				3F9D2D471E492285007FA673 /* LaunchScreen.storyboard */,
			);
			name = StoryBoards;
			sourceTree = "<group>";
		};
		3F9D2D321E492285007FA673 = {
			isa = PBXGroup;
			children = (
				3F9D2D3D1E492285007FA673 /* HBEnterData */,
				3F9D2D521E492285007FA673 /* HBEnterDataTests */,
				3F9D2D5D1E492285007FA673 /* HBEnterDataUITests */,
				3F9D2D3C1E492285007FA673 /* Products */,
				3F9D2D6C1E4922B4007FA673 /* Frameworks */,
				ADF100F00CD2D57F6EA572B4 /* Pods */,
			);
			sourceTree = "<group>";
		};
		3F9D2D3C1E492285007FA673 /* Products */ = {
			isa = PBXGroup;
			children = (
				3F9D2D3B1E492285007FA673 /* Left Shark.app */,
				3F9D2D4F1E492285007FA673 /* HBEnterDataTests.xctest */,
				3F9D2D5A1E492285007FA673 /* HBEnterDataUITests.xctest */,
			);
			name = Products;
			sourceTree = "<group>";
		};
		3F9D2D3D1E492285007FA673 /* HBEnterData */ = {
			isa = PBXGroup;
			children = (
				3F9D2D6F1E4922B4007FA673 /* HBEnterData.entitlements */,
				3F9D2D451E492285007FA673 /* Assets.xcassets */,
				3F9D2D3E1E492285007FA673 /* AppDelegate.swift */,
				3F9D2D4A1E492285007FA673 /* Info.plist */,
				3F3F58C21E64BB21009C1AF6 /* Controllers */,
				3F3F58C31E64BB76009C1AF6 /* Managers */,
				3F3F58C51E64BBC6009C1AF6 /* StoryBoards */,
				3F3F58C41E64BBBC009C1AF6 /* Assets */,
			);
			path = HBEnterData;
			sourceTree = "<group>";
		};
		3F9D2D521E492285007FA673 /* HBEnterDataTests */ = {
			isa = PBXGroup;
			children = (
				3F9D2D531E492285007FA673 /* HBEnterDataTests.swift */,
				3F9D2D551E492285007FA673 /* Info.plist */,
			);
			path = HBEnterDataTests;
			sourceTree = "<group>";
		};
		3F9D2D5D1E492285007FA673 /* HBEnterDataUITests */ = {
			isa = PBXGroup;
			children = (
				3F9D2D5E1E492285007FA673 /* HBEnterDataUITests.swift */,
				3F9D2D601E492285007FA673 /* Info.plist */,
			);
			path = HBEnterDataUITests;
			sourceTree = "<group>";
		};
		3F9D2D6C1E4922B4007FA673 /* Frameworks */ = {
			isa = PBXGroup;
			children = (
				3F9D2D6D1E4922B4007FA673 /* HealthKit.framework */,
				1631C783BE481C6513DAC3AA /* Pods_HBEnterData.framework */,
				7DABF235993A00F4EFDCEE4D /* Pods_HBEnterDataTests.framework */,
				F2474ED395B93290D0194507 /* Pods_HBEnterDataUITests.framework */,
			);
			name = Frameworks;
			sourceTree = "<group>";
		};
		ADF100F00CD2D57F6EA572B4 /* Pods */ = {
			isa = PBXGroup;
			children = (
				1098E10726FD60B07282028A /* Pods-HBEnterData.debug.xcconfig */,
				39C752713C5CC4B99AAB1726 /* Pods-HBEnterData.release.xcconfig */,
				7A964239C7796D08EF694FEA /* Pods-HBEnterDataTests.debug.xcconfig */,
				07B09E8CA9BC0DE143F1F18C /* Pods-HBEnterDataTests.release.xcconfig */,
				BA9D69CD2BE9993579954B5C /* Pods-HBEnterDataUITests.debug.xcconfig */,
				395350D4CD8208E6C7FF8A61 /* Pods-HBEnterDataUITests.release.xcconfig */,
			);
			name = Pods;
			sourceTree = "<group>";
		};
/* End PBXGroup section */

/* Begin PBXNativeTarget section */
		3F9D2D3A1E492285007FA673 /* HBEnterData */ = {
			isa = PBXNativeTarget;
			buildConfigurationList = 3F9D2D631E492285007FA673 /* Build configuration list for PBXNativeTarget "HBEnterData" */;
			buildPhases = (
				BC0C5673795B69DBDB965F46 /* [CP] Check Pods Manifest.lock */,
				3F9D2D371E492285007FA673 /* Sources */,
				3F9D2D381E492285007FA673 /* Frameworks */,
				3F9D2D391E492285007FA673 /* Resources */,
				2E7A0B80B663C3BEF4B40C50 /* [CP] Embed Pods Frameworks */,
				D845C1D3055E2D9061B79095 /* [CP] Copy Pods Resources */,
				44840C381E71D96500F1A76B /* ShellScript */,
			);
			buildRules = (
			);
			dependencies = (
			);
			name = HBEnterData;
			productName = HBEnterData;
			productReference = 3F9D2D3B1E492285007FA673 /* Left Shark.app */;
			productType = "com.apple.product-type.application";
		};
		3F9D2D4E1E492285007FA673 /* HBEnterDataTests */ = {
			isa = PBXNativeTarget;
			buildConfigurationList = 3F9D2D661E492285007FA673 /* Build configuration list for PBXNativeTarget "HBEnterDataTests" */;
			buildPhases = (
				5EB7AF154DAFC836FD009D48 /* [CP] Check Pods Manifest.lock */,
				3F9D2D4B1E492285007FA673 /* Sources */,
				3F9D2D4C1E492285007FA673 /* Frameworks */,
				3F9D2D4D1E492285007FA673 /* Resources */,
				3F7038EC09B9D7C2A095C373 /* [CP] Embed Pods Frameworks */,
				02BA95F691301767EE7C3C81 /* [CP] Copy Pods Resources */,
			);
			buildRules = (
			);
			dependencies = (
				3F9D2D511E492285007FA673 /* PBXTargetDependency */,
			);
			name = HBEnterDataTests;
			productName = HBEnterDataTests;
			productReference = 3F9D2D4F1E492285007FA673 /* HBEnterDataTests.xctest */;
			productType = "com.apple.product-type.bundle.unit-test";
		};
		3F9D2D591E492285007FA673 /* HBEnterDataUITests */ = {
			isa = PBXNativeTarget;
			buildConfigurationList = 3F9D2D691E492285007FA673 /* Build configuration list for PBXNativeTarget "HBEnterDataUITests" */;
			buildPhases = (
				FB38482F0BF32536369917C3 /* [CP] Check Pods Manifest.lock */,
				3F9D2D561E492285007FA673 /* Sources */,
				3F9D2D571E492285007FA673 /* Frameworks */,
				3F9D2D581E492285007FA673 /* Resources */,
				18505965A4A2A23908B1B871 /* [CP] Embed Pods Frameworks */,
				8749574338D323BA5D530B53 /* [CP] Copy Pods Resources */,
			);
			buildRules = (
			);
			dependencies = (
				3F9D2D5C1E492285007FA673 /* PBXTargetDependency */,
			);
			name = HBEnterDataUITests;
			productName = HBEnterDataUITests;
			productReference = 3F9D2D5A1E492285007FA673 /* HBEnterDataUITests.xctest */;
			productType = "com.apple.product-type.bundle.ui-testing";
		};
/* End PBXNativeTarget section */

/* Begin PBXProject section */
		3F9D2D331E492285007FA673 /* Project object */ = {
			isa = PBXProject;
			attributes = {
				LastSwiftUpdateCheck = 0820;
				LastUpgradeCheck = 0820;
				ORGANIZATIONNAME = Allyson;
				TargetAttributes = {
					3F9D2D3A1E492285007FA673 = {
						CreatedOnToolsVersion = 8.2.1;
						DevelopmentTeam = 9SNZ8X3UFW;
						ProvisioningStyle = Automatic;
						SystemCapabilities = {
							com.apple.HealthKit = {
								enabled = 1;
							};
						};
					};
					3F9D2D4E1E492285007FA673 = {
						CreatedOnToolsVersion = 8.2.1;
						DevelopmentTeam = 9SNZ8X3UFW;
						ProvisioningStyle = Automatic;
						TestTargetID = 3F9D2D3A1E492285007FA673;
					};
					3F9D2D591E492285007FA673 = {
						CreatedOnToolsVersion = 8.2.1;
						DevelopmentTeam = 9SNZ8X3UFW;
						ProvisioningStyle = Automatic;
						TestTargetID = 3F9D2D3A1E492285007FA673;
					};
				};
			};
			buildConfigurationList = 3F9D2D361E492285007FA673 /* Build configuration list for PBXProject "HBEnterData" */;
			compatibilityVersion = "Xcode 3.2";
			developmentRegion = English;
			hasScannedForEncodings = 0;
			knownRegions = (
				en,
				Base,
			);
			mainGroup = 3F9D2D321E492285007FA673;
			productRefGroup = 3F9D2D3C1E492285007FA673 /* Products */;
			projectDirPath = "";
			projectRoot = "";
			targets = (
				3F9D2D3A1E492285007FA673 /* HBEnterData */,
				3F9D2D4E1E492285007FA673 /* HBEnterDataTests */,
				3F9D2D591E492285007FA673 /* HBEnterDataUITests */,
			);
		};
/* End PBXProject section */

/* Begin PBXResourcesBuildPhase section */
		3F9D2D391E492285007FA673 /* Resources */ = {
			isa = PBXResourcesBuildPhase;
			buildActionMask = 2147483647;
			files = (
				3F9D2D491E492285007FA673 /* LaunchScreen.storyboard in Resources */,
				3F9D2D461E492285007FA673 /* Assets.xcassets in Resources */,
				3FF7DB8F1E523AA800483D69 /* leftshark.gif in Resources */,
				3FF7DB931E52515C00483D69 /* Main.storyboard in Resources */,
			);
			runOnlyForDeploymentPostprocessing = 0;
		};
		3F9D2D4D1E492285007FA673 /* Resources */ = {
			isa = PBXResourcesBuildPhase;
			buildActionMask = 2147483647;
			files = (
			);
			runOnlyForDeploymentPostprocessing = 0;
		};
		3F9D2D581E492285007FA673 /* Resources */ = {
			isa = PBXResourcesBuildPhase;
			buildActionMask = 2147483647;
			files = (
			);
			runOnlyForDeploymentPostprocessing = 0;
		};
/* End PBXResourcesBuildPhase section */

/* Begin PBXShellScriptBuildPhase section */
		02BA95F691301767EE7C3C81 /* [CP] Copy Pods Resources */ = {
			isa = PBXShellScriptBuildPhase;
			buildActionMask = 2147483647;
			files = (
			);
			inputPaths = (
			);
			name = "[CP] Copy Pods Resources";
			outputPaths = (
			);
			runOnlyForDeploymentPostprocessing = 0;
			shellPath = /bin/sh;
			shellScript = "\"${SRCROOT}/Pods/Target Support Files/Pods-HBEnterDataTests/Pods-HBEnterDataTests-resources.sh\"\n";
			showEnvVarsInLog = 0;
		};
		18505965A4A2A23908B1B871 /* [CP] Embed Pods Frameworks */ = {
			isa = PBXShellScriptBuildPhase;
			buildActionMask = 2147483647;
			files = (
			);
			inputPaths = (
			);
			name = "[CP] Embed Pods Frameworks";
			outputPaths = (
			);
			runOnlyForDeploymentPostprocessing = 0;
			shellPath = /bin/sh;
			shellScript = "\"${SRCROOT}/Pods/Target Support Files/Pods-HBEnterDataUITests/Pods-HBEnterDataUITests-frameworks.sh\"\n";
			showEnvVarsInLog = 0;
		};
		2E7A0B80B663C3BEF4B40C50 /* [CP] Embed Pods Frameworks */ = {
			isa = PBXShellScriptBuildPhase;
			buildActionMask = 2147483647;
			files = (
			);
			inputPaths = (
			);
			name = "[CP] Embed Pods Frameworks";
			outputPaths = (
			);
			runOnlyForDeploymentPostprocessing = 0;
			shellPath = /bin/sh;
			shellScript = "\"${SRCROOT}/Pods/Target Support Files/Pods-HBEnterData/Pods-HBEnterData-frameworks.sh\"\n";
			showEnvVarsInLog = 0;
		};
		3F7038EC09B9D7C2A095C373 /* [CP] Embed Pods Frameworks */ = {
			isa = PBXShellScriptBuildPhase;
			buildActionMask = 2147483647;
			files = (
			);
			inputPaths = (
			);
			name = "[CP] Embed Pods Frameworks";
			outputPaths = (
			);
			runOnlyForDeploymentPostprocessing = 0;
			shellPath = /bin/sh;
			shellScript = "\"${SRCROOT}/Pods/Target Support Files/Pods-HBEnterDataTests/Pods-HBEnterDataTests-frameworks.sh\"\n";
			showEnvVarsInLog = 0;
		};
		44840C381E71D96500F1A76B /* ShellScript */ = {
			isa = PBXShellScriptBuildPhase;
			buildActionMask = 2147483647;
			files = (
			);
			inputPaths = (
			);
			outputPaths = (
			);
			runOnlyForDeploymentPostprocessing = 0;
			shellPath = /bin/sh;
			shellScript = "\"${PODS_ROOT}/Fabric/run\" 70778ebb392581d25205a93f9be633f6c1d16c7f 1ce627a733c7fbef76af742a550d0b5683d90821db2d13c4bb19a354ca9180f3";
		};
		5EB7AF154DAFC836FD009D48 /* [CP] Check Pods Manifest.lock */ = {
			isa = PBXShellScriptBuildPhase;
			buildActionMask = 2147483647;
			files = (
			);
			inputPaths = (
			);
			name = "[CP] Check Pods Manifest.lock";
			outputPaths = (
			);
			runOnlyForDeploymentPostprocessing = 0;
			shellPath = /bin/sh;
			shellScript = "diff \"${PODS_ROOT}/../Podfile.lock\" \"${PODS_ROOT}/Manifest.lock\" > /dev/null\nif [ $? != 0 ] ; then\n    # print error to STDERR\n    echo \"error: The sandbox is not in sync with the Podfile.lock. Run 'pod install' or update your CocoaPods installation.\" >&2\n    exit 1\nfi\n";
			showEnvVarsInLog = 0;
		};
		8749574338D323BA5D530B53 /* [CP] Copy Pods Resources */ = {
			isa = PBXShellScriptBuildPhase;
			buildActionMask = 2147483647;
			files = (
			);
			inputPaths = (
			);
			name = "[CP] Copy Pods Resources";
			outputPaths = (
			);
			runOnlyForDeploymentPostprocessing = 0;
			shellPath = /bin/sh;
			shellScript = "\"${SRCROOT}/Pods/Target Support Files/Pods-HBEnterDataUITests/Pods-HBEnterDataUITests-resources.sh\"\n";
			showEnvVarsInLog = 0;
		};
		BC0C5673795B69DBDB965F46 /* [CP] Check Pods Manifest.lock */ = {
			isa = PBXShellScriptBuildPhase;
			buildActionMask = 2147483647;
			files = (
			);
			inputPaths = (
			);
			name = "[CP] Check Pods Manifest.lock";
			outputPaths = (
			);
			runOnlyForDeploymentPostprocessing = 0;
			shellPath = /bin/sh;
			shellScript = "diff \"${PODS_ROOT}/../Podfile.lock\" \"${PODS_ROOT}/Manifest.lock\" > /dev/null\nif [ $? != 0 ] ; then\n    # print error to STDERR\n    echo \"error: The sandbox is not in sync with the Podfile.lock. Run 'pod install' or update your CocoaPods installation.\" >&2\n    exit 1\nfi\n";
			showEnvVarsInLog = 0;
		};
		D845C1D3055E2D9061B79095 /* [CP] Copy Pods Resources */ = {
			isa = PBXShellScriptBuildPhase;
			buildActionMask = 2147483647;
			files = (
			);
			inputPaths = (
			);
			name = "[CP] Copy Pods Resources";
			outputPaths = (
			);
			runOnlyForDeploymentPostprocessing = 0;
			shellPath = /bin/sh;
			shellScript = "\"${SRCROOT}/Pods/Target Support Files/Pods-HBEnterData/Pods-HBEnterData-resources.sh\"\n";
			showEnvVarsInLog = 0;
		};
		FB38482F0BF32536369917C3 /* [CP] Check Pods Manifest.lock */ = {
			isa = PBXShellScriptBuildPhase;
			buildActionMask = 2147483647;
			files = (
			);
			inputPaths = (
			);
			name = "[CP] Check Pods Manifest.lock";
			outputPaths = (
			);
			runOnlyForDeploymentPostprocessing = 0;
			shellPath = /bin/sh;
			shellScript = "diff \"${PODS_ROOT}/../Podfile.lock\" \"${PODS_ROOT}/Manifest.lock\" > /dev/null\nif [ $? != 0 ] ; then\n    # print error to STDERR\n    echo \"error: The sandbox is not in sync with the Podfile.lock. Run 'pod install' or update your CocoaPods installation.\" >&2\n    exit 1\nfi\n";
			showEnvVarsInLog = 0;
		};
/* End PBXShellScriptBuildPhase section */

/* Begin PBXSourcesBuildPhase section */
		3F9D2D371E492285007FA673 /* Sources */ = {
			isa = PBXSourcesBuildPhase;
			buildActionMask = 2147483647;
			files = (
				3F41A2621E4B62CA00AE9354 /* StepCountController.swift in Sources */,
				3F3F58C71E64BC1D009C1AF6 /* BaseClassController.swift in Sources */,
				3F9D2D411E492285007FA673 /* ViewController.swift in Sources */,
				3F9D2D711E4924DA007FA673 /* HealthManager.swift in Sources */,
				3F9D2D3F1E492285007FA673 /* AppDelegate.swift in Sources */,
				3FF7DB951E5252D400483D69 /* BloodPressureController.swift in Sources */,
				3FF7DB891E5230CE00483D69 /* gif+swift.swift in Sources */,
				3FF7DB971E535FAA00483D69 /* WeightController.swift in Sources */,
			);
			runOnlyForDeploymentPostprocessing = 0;
		};
		3F9D2D4B1E492285007FA673 /* Sources */ = {
			isa = PBXSourcesBuildPhase;
			buildActionMask = 2147483647;
			files = (
				3F9D2D541E492285007FA673 /* HBEnterDataTests.swift in Sources */,
			);
			runOnlyForDeploymentPostprocessing = 0;
		};
		3F9D2D561E492285007FA673 /* Sources */ = {
			isa = PBXSourcesBuildPhase;
			buildActionMask = 2147483647;
			files = (
				3F9D2D5F1E492285007FA673 /* HBEnterDataUITests.swift in Sources */,
			);
			runOnlyForDeploymentPostprocessing = 0;
		};
/* End PBXSourcesBuildPhase section */

/* Begin PBXTargetDependency section */
		3F9D2D511E492285007FA673 /* PBXTargetDependency */ = {
			isa = PBXTargetDependency;
			target = 3F9D2D3A1E492285007FA673 /* HBEnterData */;
			targetProxy = 3F9D2D501E492285007FA673 /* PBXContainerItemProxy */;
		};
		3F9D2D5C1E492285007FA673 /* PBXTargetDependency */ = {
			isa = PBXTargetDependency;
			target = 3F9D2D3A1E492285007FA673 /* HBEnterData */;
			targetProxy = 3F9D2D5B1E492285007FA673 /* PBXContainerItemProxy */;
		};
/* End PBXTargetDependency section */

/* Begin PBXVariantGroup section */
		3F9D2D471E492285007FA673 /* LaunchScreen.storyboard */ = {
			isa = PBXVariantGroup;
			children = (
				3F9D2D481E492285007FA673 /* Base */,
			);
			name = LaunchScreen.storyboard;
			sourceTree = "<group>";
		};
		3FF7DB911E52515C00483D69 /* Main.storyboard */ = {
			isa = PBXVariantGroup;
			children = (
				3FF7DB921E52515C00483D69 /* Base */,
			);
			name = Main.storyboard;
			sourceTree = "<group>";
		};
/* End PBXVariantGroup section */

/* Begin XCBuildConfiguration section */
		3F9D2D611E492285007FA673 /* Debug */ = {
			isa = XCBuildConfiguration;
			buildSettings = {
				ALWAYS_SEARCH_USER_PATHS = NO;
				CLANG_ANALYZER_NONNULL = YES;
				CLANG_CXX_LANGUAGE_STANDARD = "gnu++0x";
				CLANG_CXX_LIBRARY = "libc++";
				CLANG_ENABLE_MODULES = YES;
				CLANG_ENABLE_OBJC_ARC = YES;
				CLANG_WARN_BOOL_CONVERSION = YES;
				CLANG_WARN_CONSTANT_CONVERSION = YES;
				CLANG_WARN_DIRECT_OBJC_ISA_USAGE = YES_ERROR;
				CLANG_WARN_DOCUMENTATION_COMMENTS = YES;
				CLANG_WARN_EMPTY_BODY = YES;
				CLANG_WARN_ENUM_CONVERSION = YES;
				CLANG_WARN_INFINITE_RECURSION = YES;
				CLANG_WARN_INT_CONVERSION = YES;
				CLANG_WARN_OBJC_ROOT_CLASS = YES_ERROR;
				CLANG_WARN_SUSPICIOUS_MOVE = YES;
				CLANG_WARN_UNREACHABLE_CODE = YES;
				CLANG_WARN__DUPLICATE_METHOD_MATCH = YES;
				"CODE_SIGN_IDENTITY[sdk=iphoneos*]" = "iPhone Developer";
				COPY_PHASE_STRIP = NO;
				DEBUG_INFORMATION_FORMAT = dwarf;
				ENABLE_STRICT_OBJC_MSGSEND = YES;
				ENABLE_TESTABILITY = YES;
				GCC_C_LANGUAGE_STANDARD = gnu99;
				GCC_DYNAMIC_NO_PIC = NO;
				GCC_NO_COMMON_BLOCKS = YES;
				GCC_OPTIMIZATION_LEVEL = 0;
				GCC_PREPROCESSOR_DEFINITIONS = (
					"DEBUG=1",
					"$(inherited)",
				);
				GCC_WARN_64_TO_32_BIT_CONVERSION = YES;
				GCC_WARN_ABOUT_RETURN_TYPE = YES_ERROR;
				GCC_WARN_UNDECLARED_SELECTOR = YES;
				GCC_WARN_UNINITIALIZED_AUTOS = YES_AGGRESSIVE;
				GCC_WARN_UNUSED_FUNCTION = YES;
				GCC_WARN_UNUSED_VARIABLE = YES;
				IPHONEOS_DEPLOYMENT_TARGET = 10.2;
				MTL_ENABLE_DEBUG_INFO = YES;
				ONLY_ACTIVE_ARCH = YES;
				SDKROOT = iphoneos;
				SWIFT_ACTIVE_COMPILATION_CONDITIONS = DEBUG;
				SWIFT_OPTIMIZATION_LEVEL = "-Onone";
				TARGETED_DEVICE_FAMILY = "1,2";
			};
			name = Debug;
		};
		3F9D2D621E492285007FA673 /* Release */ = {
			isa = XCBuildConfiguration;
			buildSettings = {
				ALWAYS_SEARCH_USER_PATHS = NO;
				CLANG_ANALYZER_NONNULL = YES;
				CLANG_CXX_LANGUAGE_STANDARD = "gnu++0x";
				CLANG_CXX_LIBRARY = "libc++";
				CLANG_ENABLE_MODULES = YES;
				CLANG_ENABLE_OBJC_ARC = YES;
				CLANG_WARN_BOOL_CONVERSION = YES;
				CLANG_WARN_CONSTANT_CONVERSION = YES;
				CLANG_WARN_DIRECT_OBJC_ISA_USAGE = YES_ERROR;
				CLANG_WARN_DOCUMENTATION_COMMENTS = YES;
				CLANG_WARN_EMPTY_BODY = YES;
				CLANG_WARN_ENUM_CONVERSION = YES;
				CLANG_WARN_INFINITE_RECURSION = YES;
				CLANG_WARN_INT_CONVERSION = YES;
				CLANG_WARN_OBJC_ROOT_CLASS = YES_ERROR;
				CLANG_WARN_SUSPICIOUS_MOVE = YES;
				CLANG_WARN_UNREACHABLE_CODE = YES;
				CLANG_WARN__DUPLICATE_METHOD_MATCH = YES;
				"CODE_SIGN_IDENTITY[sdk=iphoneos*]" = "iPhone Developer";
				COPY_PHASE_STRIP = NO;
				DEBUG_INFORMATION_FORMAT = "dwarf-with-dsym";
				ENABLE_NS_ASSERTIONS = NO;
				ENABLE_STRICT_OBJC_MSGSEND = YES;
				GCC_C_LANGUAGE_STANDARD = gnu99;
				GCC_NO_COMMON_BLOCKS = YES;
				GCC_WARN_64_TO_32_BIT_CONVERSION = YES;
				GCC_WARN_ABOUT_RETURN_TYPE = YES_ERROR;
				GCC_WARN_UNDECLARED_SELECTOR = YES;
				GCC_WARN_UNINITIALIZED_AUTOS = YES_AGGRESSIVE;
				GCC_WARN_UNUSED_FUNCTION = YES;
				GCC_WARN_UNUSED_VARIABLE = YES;
				IPHONEOS_DEPLOYMENT_TARGET = 10.2;
				MTL_ENABLE_DEBUG_INFO = NO;
				SDKROOT = iphoneos;
				SWIFT_OPTIMIZATION_LEVEL = "-Owholemodule";
				TARGETED_DEVICE_FAMILY = "1,2";
				VALIDATE_PRODUCT = YES;
			};
			name = Release;
		};
		3F9D2D641E492285007FA673 /* Debug */ = {
			isa = XCBuildConfiguration;
			baseConfigurationReference = 1098E10726FD60B07282028A /* Pods-HBEnterData.debug.xcconfig */;
			buildSettings = {
				ASSETCATALOG_COMPILER_APPICON_NAME = AppIcon;
				CODE_SIGN_ENTITLEMENTS = HBEnterData/HBEnterData.entitlements;
				DEVELOPMENT_TEAM = 9SNZ8X3UFW;
				INFOPLIST_FILE = HBEnterData/Info.plist;
				IPHONEOS_DEPLOYMENT_TARGET = 9.3;
				LD_RUNPATH_SEARCH_PATHS = "$(inherited) @executable_path/Frameworks";
				PRODUCT_BUNDLE_IDENTIFIER = com.example.NascentDigital.HBEnterData;
				PRODUCT_NAME = "Left Shark";
				SWIFT_VERSION = 3.0;
			};
			name = Debug;
		};
		3F9D2D651E492285007FA673 /* Release */ = {
			isa = XCBuildConfiguration;
			baseConfigurationReference = 39C752713C5CC4B99AAB1726 /* Pods-HBEnterData.release.xcconfig */;
			buildSettings = {
				ASSETCATALOG_COMPILER_APPICON_NAME = AppIcon;
				CODE_SIGN_ENTITLEMENTS = HBEnterData/HBEnterData.entitlements;
				DEVELOPMENT_TEAM = 9SNZ8X3UFW;
				INFOPLIST_FILE = HBEnterData/Info.plist;
				IPHONEOS_DEPLOYMENT_TARGET = 9.3;
				LD_RUNPATH_SEARCH_PATHS = "$(inherited) @executable_path/Frameworks";
				PRODUCT_BUNDLE_IDENTIFIER = com.example.NascentDigital.HBEnterData;
				PRODUCT_NAME = "Left Shark";
				SWIFT_VERSION = 3.0;
			};
			name = Release;
		};
		3F9D2D671E492285007FA673 /* Debug */ = {
			isa = XCBuildConfiguration;
			baseConfigurationReference = 7A964239C7796D08EF694FEA /* Pods-HBEnterDataTests.debug.xcconfig */;
			buildSettings = {
				ALWAYS_EMBED_SWIFT_STANDARD_LIBRARIES = YES;
				BUNDLE_LOADER = "$(TEST_HOST)";
				DEVELOPMENT_TEAM = 9SNZ8X3UFW;
				INFOPLIST_FILE = HBEnterDataTests/Info.plist;
				LD_RUNPATH_SEARCH_PATHS = "$(inherited) @executable_path/Frameworks @loader_path/Frameworks";
				PRODUCT_BUNDLE_IDENTIFIER = com.example.NascentDigital.HBEnterDataTests;
				PRODUCT_NAME = "$(TARGET_NAME)";
				SWIFT_VERSION = 3.0;
				TEST_HOST = "$(BUILT_PRODUCTS_DIR)/HBEnterData.app/HBEnterData";
			};
			name = Debug;
		};
		3F9D2D681E492285007FA673 /* Release */ = {
			isa = XCBuildConfiguration;
			baseConfigurationReference = 07B09E8CA9BC0DE143F1F18C /* Pods-HBEnterDataTests.release.xcconfig */;
			buildSettings = {
				ALWAYS_EMBED_SWIFT_STANDARD_LIBRARIES = YES;
				BUNDLE_LOADER = "$(TEST_HOST)";
				DEVELOPMENT_TEAM = 9SNZ8X3UFW;
				INFOPLIST_FILE = HBEnterDataTests/Info.plist;
				LD_RUNPATH_SEARCH_PATHS = "$(inherited) @executable_path/Frameworks @loader_path/Frameworks";
				PRODUCT_BUNDLE_IDENTIFIER = com.example.NascentDigital.HBEnterDataTests;
				PRODUCT_NAME = "$(TARGET_NAME)";
				SWIFT_VERSION = 3.0;
				TEST_HOST = "$(BUILT_PRODUCTS_DIR)/HBEnterData.app/HBEnterData";
			};
			name = Release;
		};
		3F9D2D6A1E492285007FA673 /* Debug */ = {
			isa = XCBuildConfiguration;
			baseConfigurationReference = BA9D69CD2BE9993579954B5C /* Pods-HBEnterDataUITests.debug.xcconfig */;
			buildSettings = {
				ALWAYS_EMBED_SWIFT_STANDARD_LIBRARIES = YES;
				DEVELOPMENT_TEAM = 9SNZ8X3UFW;
				INFOPLIST_FILE = HBEnterDataUITests/Info.plist;
				LD_RUNPATH_SEARCH_PATHS = "$(inherited) @executable_path/Frameworks @loader_path/Frameworks";
				PRODUCT_BUNDLE_IDENTIFIER = com.example.NascentDigital.HBEnterDataUITests;
				PRODUCT_NAME = "$(TARGET_NAME)";
				SWIFT_VERSION = 3.0;
				TEST_TARGET_NAME = HBEnterData;
			};
			name = Debug;
		};
		3F9D2D6B1E492285007FA673 /* Release */ = {
			isa = XCBuildConfiguration;
			baseConfigurationReference = 395350D4CD8208E6C7FF8A61 /* Pods-HBEnterDataUITests.release.xcconfig */;
			buildSettings = {
				ALWAYS_EMBED_SWIFT_STANDARD_LIBRARIES = YES;
				DEVELOPMENT_TEAM = 9SNZ8X3UFW;
				INFOPLIST_FILE = HBEnterDataUITests/Info.plist;
				LD_RUNPATH_SEARCH_PATHS = "$(inherited) @executable_path/Frameworks @loader_path/Frameworks";
				PRODUCT_BUNDLE_IDENTIFIER = com.example.NascentDigital.HBEnterDataUITests;
				PRODUCT_NAME = "$(TARGET_NAME)";
				SWIFT_VERSION = 3.0;
				TEST_TARGET_NAME = HBEnterData;
			};
			name = Release;
		};
/* End XCBuildConfiguration section */

/* Begin XCConfigurationList section */
		3F9D2D361E492285007FA673 /* Build configuration list for PBXProject "HBEnterData" */ = {
			isa = XCConfigurationList;
			buildConfigurations = (
				3F9D2D611E492285007FA673 /* Debug */,
				3F9D2D621E492285007FA673 /* Release */,
			);
			defaultConfigurationIsVisible = 0;
			defaultConfigurationName = Release;
		};
		3F9D2D631E492285007FA673 /* Build configuration list for PBXNativeTarget "HBEnterData" */ = {
			isa = XCConfigurationList;
			buildConfigurations = (
				3F9D2D641E492285007FA673 /* Debug */,
				3F9D2D651E492285007FA673 /* Release */,
			);
			defaultConfigurationIsVisible = 0;
			defaultConfigurationName = Release;
		};
		3F9D2D661E492285007FA673 /* Build configuration list for PBXNativeTarget "HBEnterDataTests" */ = {
			isa = XCConfigurationList;
			buildConfigurations = (
				3F9D2D671E492285007FA673 /* Debug */,
				3F9D2D681E492285007FA673 /* Release */,
			);
			defaultConfigurationIsVisible = 0;
			defaultConfigurationName = Release;
		};
		3F9D2D691E492285007FA673 /* Build configuration list for PBXNativeTarget "HBEnterDataUITests" */ = {
			isa = XCConfigurationList;
			buildConfigurations = (
				3F9D2D6A1E492285007FA673 /* Debug */,
				3F9D2D6B1E492285007FA673 /* Release */,
			);
			defaultConfigurationIsVisible = 0;
			defaultConfigurationName = Release;
		};
/* End XCConfigurationList section */
	};
	rootObject = 3F9D2D331E492285007FA673 /* Project object */;
}
